
Microsoft Visual Studio Solution File, Format Version 12.00
# Visual Studio Version 17
VisualStudioVersion = 17.12.35527.113
MinimumVisualStudioVersion = 10.0.40219.1
Project("{FAE04EC0-301F-11D3-BF4B-00C04F79EFBC}") = "ConsoleApp1", "ConsoleApp1\ConsoleApp1.csproj", "{A5083D16-6C64-4986-B834-3A2090F9FCEB}"
EndProject
Project("{FAE04EC0-301F-11D3-BF4B-00C04F79EFBC}") = "ClassLibrary1", "..\ClassLibrary1\ClassLibrary1\ClassLibrary1.csproj", "{D80CFC0A-3F99-4CB0-8AB1-71E3E1CAB630}"
EndProject
Global
	GlobalSection(SolutionConfigurationPlatforms) = preSolution
		Debug|Any CPU = Debug|Any CPU
		Release|Any CPU = Release|Any CPU
	EndGlobalSection
	GlobalSection(ProjectConfigurationPlatforms) = postSolution
		{A5083D16-6C64-4986-B834-3A2090F9FCEB}.Debug|Any CPU.ActiveCfg = Debug|Any CPU
		{A5083D16-6C64-4986-B834-3A2090F9FCEB}.Debug|Any CPU.Build.0 = Debug|Any CPU
		{A5083D16-6C64-4986-B834-3A2090F9FCEB}.Release|Any CPU.ActiveCfg = Release|Any CPU
		{A5083D16-6C64-4986-B834-3A2090F9FCEB}.Release|Any CPU.Build.0 = Release|Any CPU
		{D80CFC0A-3F99-4CB0-8AB1-71E3E1CAB630}.Debug|Any CPU.ActiveCfg = Debug|Any CPU
		{D80CFC0A-3F99-4CB0-8AB1-71E3E1CAB630}.Debug|Any CPU.Build.0 = Debug|Any CPU
		{D80CFC0A-3F99-4CB0-8AB1-71E3E1CAB630}.Release|Any CPU.ActiveCfg = Release|Any CPU
		{D80CFC0A-3F99-4CB0-8AB1-71E3E1CAB630}.Release|Any CPU.Build.0 = Release|Any CPU
	EndGlobalSection
	GlobalSection(SolutionProperties) = preSolution
		HideSolutionNode = FALSE
	EndGlobalSection
EndGlobal
