
Microsoft Visual Studio Solution File, Format Version 12.00
# Visual Studio Version 17
VisualStudioVersion = 17.13.35825.156 d17.13
MinimumVisualStudioVersion = 10.0.40219.1
Project("{FAE04EC0-301F-11D3-BF4B-00C04F79EFBC}") = "Lab12_v18", "Lab12_v18\Lab12_v18.csproj", "{EB617559-0D99-4B5D-A416-387892EDE115}"
EndProject
Global
	GlobalSection(SolutionConfigurationPlatforms) = preSolution
		Debug|Any CPU = Debug|Any CPU
		Release|Any CPU = Release|Any CPU
	EndGlobalSection
	GlobalSection(ProjectConfigurationPlatforms) = postSolution
		{EB617559-0D99-4B5D-A416-387892EDE115}.Debug|Any CPU.ActiveCfg = Debug|Any CPU
		{EB617559-0D99-4B5D-A416-387892EDE115}.Debug|Any CPU.Build.0 = Debug|Any CPU
		{EB617559-0D99-4B5D-A416-387892EDE115}.Release|Any CPU.ActiveCfg = Release|Any CPU
		{EB617559-0D99-4B5D-A416-387892EDE115}.Release|Any CPU.Build.0 = Release|Any CPU
	EndGlobalSection
	GlobalSection(SolutionProperties) = preSolution
		HideSolutionNode = FALSE
	EndGlobalSection
	GlobalSection(ExtensibilityGlobals) = postSolution
		SolutionGuid = {5AB7FCD9-6472-4524-8614-D52555E00C64}
	EndGlobalSection
EndGlobal
